
Microsoft Visual Studio Solution File, Format Version 12.00
# Visual Studio Version 17
VisualStudioVersion = 17.6.33829.357
MinimumVisualStudioVersion = 10.0.40219.1
Project("{FAE04EC0-301F-11D3-BF4B-00C04F79EFBC}") = "BP Data Manager", "BP Data Manager\BP Data Manager.csproj", "{9C3F6B49-4D51-4286-8F42-173D1AA47DE2}"
EndProject
Global
	GlobalSection(SolutionConfigurationPlatforms) = preSolution
		Debug|Any CPU = Debug|Any CPU
		Release|Any CPU = Release|Any CPU
	EndGlobalSection
	GlobalSection(ProjectConfigurationPlatforms) = postSolution
		{9C3F6B49-4D51-4286-8F42-173D1AA47DE2}.Debug|Any CPU.ActiveCfg = Debug|Any CPU
		{9C3F6B49-4D51-4286-8F42-173D1AA47DE2}.Debug|Any CPU.Build.0 = Debug|Any CPU
		{9C3F6B49-4D51-4286-8F42-173D1AA47DE2}.Release|Any CPU.ActiveCfg = Release|Any CPU
		{9C3F6B49-4D51-4286-8F42-173D1AA47DE2}.Release|Any CPU.Build.0 = Release|Any CPU
	EndGlobalSection
	GlobalSection(SolutionProperties) = preSolution
		HideSolutionNode = FALSE
	EndGlobalSection
	GlobalSection(ExtensibilityGlobals) = postSolution
		SolutionGuid = {4B13B09E-4C52-4800-8571-D41FE21E7820}
	EndGlobalSection
EndGlobal
